
Microsoft Visual Studio Solution File, Format Version 12.00
# Visual Studio Version 17
VisualStudioVersion = 17.14.37012.4 d17.14
MinimumVisualStudioVersion = 10.0.40219.1
Project("{FAE04EC0-301F-11D3-BF4B-00C04F79EFBC}") = "StudentViolations.API", "StudentViolations.API\StudentViolations.API.csproj", "{3692B443-8DE9-43C0-88A6-4949A5D50A79}"
EndProject
Global
	GlobalSection(SolutionConfigurationPlatforms) = preSolution
		Debug|Any CPU = Debug|Any CPU
		Release|Any CPU = Release|Any CPU
	EndGlobalSection
	GlobalSection(ProjectConfigurationPlatforms) = postSolution
		{3692B443-8DE9-43C0-88A6-4949A5D50A79}.Debug|Any CPU.ActiveCfg = Debug|Any CPU
		{3692B443-8DE9-43C0-88A6-4949A5D50A79}.Debug|Any CPU.Build.0 = Debug|Any CPU
		{3692B443-8DE9-43C0-88A6-4949A5D50A79}.Release|Any CPU.ActiveCfg = Release|Any CPU
		{3692B443-8DE9-43C0-88A6-4949A5D50A79}.Release|Any CPU.Build.0 = Release|Any CPU
	EndGlobalSection
	GlobalSection(SolutionProperties) = preSolution
		HideSolutionNode = FALSE
	EndGlobalSection
	GlobalSection(ExtensibilityGlobals) = postSolution
		SolutionGuid = {FDFDB4E0-447E-494A-B0DC-1AE855A026A1}
	EndGlobalSection
EndGlobal
